
Microsoft Visual Studio Solution File, Format Version 12.00
# Visual Studio Version 16
VisualStudioVersion = 25.0.1706.11
MinimumVisualStudioVersion = 10.0.40219.1
Project("{FAE04EC0-301F-11D3-BF4B-00C04F79EFBC}") = "DNA-SERVICES", "DNA-SERVICES\DNA-SERVICES.csproj", "{76B33167-B4B5-4019-9A09-EB3DE87C10C2}"
EndProject
Project("{FAE04EC0-301F-11D3-BF4B-00C04F79EFBC}") = "DNA-SERVICES.Application", "DNA-SERVICES.Application\DNA-SERVICES.Application.csproj", "{B3955A67-7259-4BEA-B51C-E0FA0EFF3242}"
EndProject
Project("{FAE04EC0-301F-11D3-BF4B-00C04F79EFBC}") = "DNA-SERVICES.Contracts", "DNA-SERVICES.Contracts\DNA-SERVICES.Contracts.csproj", "{523E94EC-3D60-4639-B262-1A24C9DBE5FC}"
EndProject
Project("{FAE04EC0-301F-11D3-BF4B-00C04F79EFBC}") = "DNA-SERVICES.Domain", "DNA-SERVICES.Domain\DNA-SERVICES.Domain.csproj", "{7B76C224-4077-4D95-8FA1-970DE6EFE5CF}"
EndProject
Project("{FAE04EC0-301F-11D3-BF4B-00C04F79EFBC}") = "DNA-SERVICES.Infrastructure", "DNA-SERVICES.Infrastructure\DNA-SERVICES.Infrastructure.csproj", "{839C3940-89B7-47DF-977A-935572B425AB}"
EndProject
Global
	GlobalSection(SolutionConfigurationPlatforms) = preSolution
		Debug|Any CPU = Debug|Any CPU
		Release|Any CPU = Release|Any CPU
	EndGlobalSection
	GlobalSection(ProjectConfigurationPlatforms) = postSolution
		{76B33167-B4B5-4019-9A09-EB3DE87C10C2}.Debug|Any CPU.ActiveCfg = Debug|Any CPU
		{76B33167-B4B5-4019-9A09-EB3DE87C10C2}.Debug|Any CPU.Build.0 = Debug|Any CPU
		{76B33167-B4B5-4019-9A09-EB3DE87C10C2}.Release|Any CPU.ActiveCfg = Release|Any CPU
		{76B33167-B4B5-4019-9A09-EB3DE87C10C2}.Release|Any CPU.Build.0 = Release|Any CPU
		{B3955A67-7259-4BEA-B51C-E0FA0EFF3242}.Debug|Any CPU.ActiveCfg = Debug|Any CPU
		{B3955A67-7259-4BEA-B51C-E0FA0EFF3242}.Debug|Any CPU.Build.0 = Debug|Any CPU
		{B3955A67-7259-4BEA-B51C-E0FA0EFF3242}.Release|Any CPU.ActiveCfg = Release|Any CPU
		{B3955A67-7259-4BEA-B51C-E0FA0EFF3242}.Release|Any CPU.Build.0 = Release|Any CPU
		{523E94EC-3D60-4639-B262-1A24C9DBE5FC}.Debug|Any CPU.ActiveCfg = Debug|Any CPU
		{523E94EC-3D60-4639-B262-1A24C9DBE5FC}.Debug|Any CPU.Build.0 = Debug|Any CPU
		{523E94EC-3D60-4639-B262-1A24C9DBE5FC}.Release|Any CPU.ActiveCfg = Release|Any CPU
		{523E94EC-3D60-4639-B262-1A24C9DBE5FC}.Release|Any CPU.Build.0 = Release|Any CPU
		{7B76C224-4077-4D95-8FA1-970DE6EFE5CF}.Debug|Any CPU.ActiveCfg = Debug|Any CPU
		{7B76C224-4077-4D95-8FA1-970DE6EFE5CF}.Debug|Any CPU.Build.0 = Debug|Any CPU
		{7B76C224-4077-4D95-8FA1-970DE6EFE5CF}.Release|Any CPU.ActiveCfg = Release|Any CPU
		{7B76C224-4077-4D95-8FA1-970DE6EFE5CF}.Release|Any CPU.Build.0 = Release|Any CPU
		{839C3940-89B7-47DF-977A-935572B425AB}.Debug|Any CPU.ActiveCfg = Debug|Any CPU
		{839C3940-89B7-47DF-977A-935572B425AB}.Debug|Any CPU.Build.0 = Debug|Any CPU
		{839C3940-89B7-47DF-977A-935572B425AB}.Release|Any CPU.ActiveCfg = Release|Any CPU
		{839C3940-89B7-47DF-977A-935572B425AB}.Release|Any CPU.Build.0 = Release|Any CPU
	EndGlobalSection
	GlobalSection(SolutionProperties) = preSolution
		HideSolutionNode = FALSE
	EndGlobalSection
	GlobalSection(ExtensibilityGlobals) = postSolution
		SolutionGuid = {E4A37280-DCB9-4C18-A483-B72C8616F013}
	EndGlobalSection
EndGlobal
